
Microsoft Visual Studio Solution File, Format Version 12.00
# Visual Studio 2012
Project("{FAE04EC0-301F-11D3-BF4B-00C04F79EFBC}") = "TimeToRun", "TimeToRun\TimeToRun.csproj", "{DE42A6FC-087B-4526-9DFF-B984F45832AE}"
	ProjectSection(ProjectDependencies) = postProject
		{0783C046-B365-4C80-8FD2-D533955F74A9} = {0783C046-B365-4C80-8FD2-D533955F74A9}
	EndProjectSection
EndProject
Project("{FAE04EC0-301F-11D3-BF4B-00C04F79EFBC}") = "TTRLoader", "TTRLoader\TTRLoader.csproj", "{0783C046-B365-4C80-8FD2-D533955F74A9}"
EndProject
Project("{FAE04EC0-301F-11D3-BF4B-00C04F79EFBC}") = "TTRCode", "TTRCode\TTRCode.csproj", "{B9808BEB-5B7D-47A7-AA7E-F56849DDBF6D}"
EndProject
Project("{FAE04EC0-301F-11D3-BF4B-00C04F79EFBC}") = "TTRLogging", "TTRLogging\TTRLogging.csproj", "{CECD3CD5-30B1-4C62-9CAC-21153C598DDD}"
EndProject
Project("{FAE04EC0-301F-11D3-BF4B-00C04F79EFBC}") = "TTRCommon", "TTRCommon\TTRCommon.csproj", "{CFC29713-E25E-4E56-BF13-B03E9B08399D}"
EndProject
Project("{FAE04EC0-301F-11D3-BF4B-00C04F79EFBC}") = "JCDCustomStyle", "JCDCustomStyle\JCDCustomStyle.csproj", "{64BAEE24-D56A-475E-BB36-8D20A562BD59}"
EndProject
Global
	GlobalSection(SolutionConfigurationPlatforms) = preSolution
		Debug|Any CPU = Debug|Any CPU
		Release|Any CPU = Release|Any CPU
	EndGlobalSection
	GlobalSection(ProjectConfigurationPlatforms) = postSolution
		{DE42A6FC-087B-4526-9DFF-B984F45832AE}.Debug|Any CPU.ActiveCfg = Debug|Any CPU
		{DE42A6FC-087B-4526-9DFF-B984F45832AE}.Debug|Any CPU.Build.0 = Debug|Any CPU
		{DE42A6FC-087B-4526-9DFF-B984F45832AE}.Release|Any CPU.ActiveCfg = Release|Any CPU
		{DE42A6FC-087B-4526-9DFF-B984F45832AE}.Release|Any CPU.Build.0 = Release|Any CPU
		{0783C046-B365-4C80-8FD2-D533955F74A9}.Debug|Any CPU.ActiveCfg = Debug|Any CPU
		{0783C046-B365-4C80-8FD2-D533955F74A9}.Debug|Any CPU.Build.0 = Debug|Any CPU
		{0783C046-B365-4C80-8FD2-D533955F74A9}.Release|Any CPU.ActiveCfg = Release|Any CPU
		{0783C046-B365-4C80-8FD2-D533955F74A9}.Release|Any CPU.Build.0 = Release|Any CPU
		{B9808BEB-5B7D-47A7-AA7E-F56849DDBF6D}.Debug|Any CPU.ActiveCfg = Debug|Any CPU
		{B9808BEB-5B7D-47A7-AA7E-F56849DDBF6D}.Debug|Any CPU.Build.0 = Debug|Any CPU
		{B9808BEB-5B7D-47A7-AA7E-F56849DDBF6D}.Release|Any CPU.ActiveCfg = Release|Any CPU
		{B9808BEB-5B7D-47A7-AA7E-F56849DDBF6D}.Release|Any CPU.Build.0 = Release|Any CPU
		{CECD3CD5-30B1-4C62-9CAC-21153C598DDD}.Debug|Any CPU.ActiveCfg = Debug|Any CPU
		{CECD3CD5-30B1-4C62-9CAC-21153C598DDD}.Debug|Any CPU.Build.0 = Debug|Any CPU
		{CECD3CD5-30B1-4C62-9CAC-21153C598DDD}.Release|Any CPU.ActiveCfg = Release|Any CPU
		{CECD3CD5-30B1-4C62-9CAC-21153C598DDD}.Release|Any CPU.Build.0 = Release|Any CPU
		{CFC29713-E25E-4E56-BF13-B03E9B08399D}.Debug|Any CPU.ActiveCfg = Debug|Any CPU
		{CFC29713-E25E-4E56-BF13-B03E9B08399D}.Debug|Any CPU.Build.0 = Debug|Any CPU
		{CFC29713-E25E-4E56-BF13-B03E9B08399D}.Release|Any CPU.ActiveCfg = Release|Any CPU
		{CFC29713-E25E-4E56-BF13-B03E9B08399D}.Release|Any CPU.Build.0 = Release|Any CPU
		{64BAEE24-D56A-475E-BB36-8D20A562BD59}.Debug|Any CPU.ActiveCfg = Debug|Any CPU
		{64BAEE24-D56A-475E-BB36-8D20A562BD59}.Debug|Any CPU.Build.0 = Debug|Any CPU
		{64BAEE24-D56A-475E-BB36-8D20A562BD59}.Release|Any CPU.ActiveCfg = Release|Any CPU
		{64BAEE24-D56A-475E-BB36-8D20A562BD59}.Release|Any CPU.Build.0 = Release|Any CPU
	EndGlobalSection
	GlobalSection(SolutionProperties) = preSolution
		HideSolutionNode = FALSE
	EndGlobalSection
EndGlobal
